
Microsoft Visual Studio Solution File, Format Version 12.00
# Visual Studio Version 16
VisualStudioVersion = 16.0.30621.155
MinimumVisualStudioVersion = 10.0.40219.1
Project("{9A19103F-16F7-4668-BE54-9A1E7A4F7556}") = "CapstoneAPI", "CapstoneAPI\CapstoneAPI.csproj", "{A7C1F8DD-0043-4A0D-8286-BD1C93B6C150}"
EndProject
Project("{FAE04EC0-301F-11D3-BF4B-00C04F79EFBC}") = "APIConnection", "APIConnection\APIConnection.csproj", "{597947AF-A2E4-48B8-AB88-B8CFDDFECBE6}"
EndProject
Global
	GlobalSection(SolutionConfigurationPlatforms) = preSolution
		Debug|Any CPU = Debug|Any CPU
		Release|Any CPU = Release|Any CPU
	EndGlobalSection
	GlobalSection(ProjectConfigurationPlatforms) = postSolution
		{A7C1F8DD-0043-4A0D-8286-BD1C93B6C150}.Debug|Any CPU.ActiveCfg = Debug|Any CPU
		{A7C1F8DD-0043-4A0D-8286-BD1C93B6C150}.Debug|Any CPU.Build.0 = Debug|Any CPU
		{A7C1F8DD-0043-4A0D-8286-BD1C93B6C150}.Release|Any CPU.ActiveCfg = Release|Any CPU
		{A7C1F8DD-0043-4A0D-8286-BD1C93B6C150}.Release|Any CPU.Build.0 = Release|Any CPU
		{597947AF-A2E4-48B8-AB88-B8CFDDFECBE6}.Debug|Any CPU.ActiveCfg = Debug|Any CPU
		{597947AF-A2E4-48B8-AB88-B8CFDDFECBE6}.Debug|Any CPU.Build.0 = Debug|Any CPU
		{597947AF-A2E4-48B8-AB88-B8CFDDFECBE6}.Release|Any CPU.ActiveCfg = Release|Any CPU
		{597947AF-A2E4-48B8-AB88-B8CFDDFECBE6}.Release|Any CPU.Build.0 = Release|Any CPU
	EndGlobalSection
	GlobalSection(SolutionProperties) = preSolution
		HideSolutionNode = FALSE
	EndGlobalSection
	GlobalSection(ExtensibilityGlobals) = postSolution
		SolutionGuid = {B1FB5C51-A966-41EE-9F07-04E570C26F51}
	EndGlobalSection
EndGlobal
